
Microsoft Visual Studio Solution File, Format Version 12.00
# Visual Studio Version 17
VisualStudioVersion = 17.3.32804.467
MinimumVisualStudioVersion = 10.0.40219.1
Project("{FAE04EC0-301F-11D3-BF4B-00C04F79EFBC}") = "EnglishUpgradeApi", "EnglishUpgradeApi.csproj", "{B32C50BB-DC39-46E8-8FE3-2FD3128B4429}"
EndProject
Global
	GlobalSection(SolutionConfigurationPlatforms) = preSolution
		Debug|Any CPU = Debug|Any CPU
		Release|Any CPU = Release|Any CPU
	EndGlobalSection
	GlobalSection(ProjectConfigurationPlatforms) = postSolution
		{B32C50BB-DC39-46E8-8FE3-2FD3128B4429}.Debug|Any CPU.ActiveCfg = Debug|Any CPU
		{B32C50BB-DC39-46E8-8FE3-2FD3128B4429}.Debug|Any CPU.Build.0 = Debug|Any CPU
		{B32C50BB-DC39-46E8-8FE3-2FD3128B4429}.Release|Any CPU.ActiveCfg = Release|Any CPU
		{B32C50BB-DC39-46E8-8FE3-2FD3128B4429}.Release|Any CPU.Build.0 = Release|Any CPU
	EndGlobalSection
	GlobalSection(SolutionProperties) = preSolution
		HideSolutionNode = FALSE
	EndGlobalSection
	GlobalSection(ExtensibilityGlobals) = postSolution
		SolutionGuid = {22961057-D341-4E89-A8AB-9B351CB85E85}
	EndGlobalSection
EndGlobal
